{
  "name": "particle",
  "version": "1.0.0",
  "lockfileVersion": 3,
  "requires": true,
  "packages": {
    "": {
      "name": "particle",
      "version": "1.0.0",
      "license": "ISC",
      "dependencies": {
        "dualsense-ts": "^5.5.0"
      }
    },
    "node_modules/dualsense-ts": {
      "version": "5.5.0",
      "resolved": "https://registry.npmjs.org/dualsense-ts/-/dualsense-ts-5.5.0.tgz",
      "integrity": "sha512-vKGryM3puMEleu6Z7kllqgYjcKWTX8PZu8tvfNfTCoqMtSGcVgi3Rcb8UvAVJWeHGVzx061lIXVU5zAzOTCMVg==",
      "license": "GPL-3.0",
      "peerDependencies": {
        "node-hid": "^2.1.1"
      },
      "peerDependenciesMeta": {
        "node-hid": {
          "optional": true
        }
      }
    }
  }
}
